
Microsoft Visual Studio Solution File, Format Version 12.00
# Visual Studio Version 17
VisualStudioVersion = 17.6.33712.159
MinimumVisualStudioVersion = 10.0.40219.1
Project("{9A19103F-16F7-4668-BE54-9A1E7A4F7556}") = "Sender", "Sender\Sender.csproj", "{DCDB0DE2-9E2B-4DE0-A20D-BFCA9D3836BC}"
EndProject
Project("{9A19103F-16F7-4668-BE54-9A1E7A4F7556}") = "Receiver", "Receiver\Receiver.csproj", "{97985048-05CF-4A17-8FA1-572200EF8803}"
EndProject
Global
	GlobalSection(SolutionConfigurationPlatforms) = preSolution
		Debug|Any CPU = Debug|Any CPU
		Release|Any CPU = Release|Any CPU
	EndGlobalSection
	GlobalSection(ProjectConfigurationPlatforms) = postSolution
		{DCDB0DE2-9E2B-4DE0-A20D-BFCA9D3836BC}.Debug|Any CPU.ActiveCfg = Debug|Any CPU
		{DCDB0DE2-9E2B-4DE0-A20D-BFCA9D3836BC}.Debug|Any CPU.Build.0 = Debug|Any CPU
		{DCDB0DE2-9E2B-4DE0-A20D-BFCA9D3836BC}.Release|Any CPU.ActiveCfg = Release|Any CPU
		{DCDB0DE2-9E2B-4DE0-A20D-BFCA9D3836BC}.Release|Any CPU.Build.0 = Release|Any CPU
		{97985048-05CF-4A17-8FA1-572200EF8803}.Debug|Any CPU.ActiveCfg = Debug|Any CPU
		{97985048-05CF-4A17-8FA1-572200EF8803}.Debug|Any CPU.Build.0 = Debug|Any CPU
		{97985048-05CF-4A17-8FA1-572200EF8803}.Release|Any CPU.ActiveCfg = Release|Any CPU
		{97985048-05CF-4A17-8FA1-572200EF8803}.Release|Any CPU.Build.0 = Release|Any CPU
	EndGlobalSection
	GlobalSection(SolutionProperties) = preSolution
		HideSolutionNode = FALSE
	EndGlobalSection
	GlobalSection(ExtensibilityGlobals) = postSolution
		SolutionGuid = {C8DFE6DB-033D-4CFB-96CA-062A05B0D5F9}
	EndGlobalSection
EndGlobal
